github.com/valyala/fastrand v1.0.0 h1:LUKT9aKer2dVQNUi3waewTbKV+7H17kvWFNKs2ObdkI=
github.com/valyala/fastrand v1.0.0/go.mod h1:HWqCzkrkg6QXT8V2EXWvXCoow7vLwOFN002oeRzjapQ=
github.com/zeebo/wyhash v0.0.1 h1:VEByEMek3iHhV65CgG3SRAWVtg/6TcmbEKj5jPOKDrc=
github.com/zeebo/wyhash v0.0.1/go.mod h1:Ti+OwfNtM5AZiYAL0kOPIfliqDP5c0VtOnnMAqzuuZk=
